{
  "name": "Inventory_Managment_System_Django",
  "lockfileVersion": 2,
  "requires": true,
  "packages": {
    "": {
      "dependencies": {
        "gridstack": "^11.1.1"
      }
    },
    "node_modules/gridstack": {
      "version": "11.1.1",
      "resolved": "https://registry.npmjs.org/gridstack/-/gridstack-11.1.1.tgz",
      "integrity": "sha512-St50Ra3FlxxERrMcnRAmxQKE8paXOIwQ88zpafUkzdOYg9Sn/3/Vf4EqCWv8P/hkNIlfW/8VYsk8fk+3DQPVxQ==",
      "funding": [
        {
          "type": "paypal",
          "url": "https://www.paypal.me/alaind831"
        },
        {
          "type": "venmo",
          "url": "https://www.venmo.com/adumesny"
        }
      ]
    }
  },
  "dependencies": {
    "gridstack": {
      "version": "11.1.1",
      "resolved": "https://registry.npmjs.org/gridstack/-/gridstack-11.1.1.tgz",
      "integrity": "sha512-St50Ra3FlxxERrMcnRAmxQKE8paXOIwQ88zpafUkzdOYg9Sn/3/Vf4EqCWv8P/hkNIlfW/8VYsk8fk+3DQPVxQ=="
    }
  }
}
